
Microsoft Visual Studio Solution File, Format Version 12.00
# Visual Studio Version 17
VisualStudioVersion = 17.5.33502.453
MinimumVisualStudioVersion = 10.0.40219.1
Project("{FAE04EC0-301F-11D3-BF4B-00C04F79EFBC}") = "MyPattern", "MyPattern\MyPattern.csproj", "{64002615-BAA5-45BA-B1B9-063E7078A5B3}"
EndProject
Global
	GlobalSection(SolutionConfigurationPlatforms) = preSolution
		Debug|Any CPU = Debug|Any CPU
		Release|Any CPU = Release|Any CPU
	EndGlobalSection
	GlobalSection(ProjectConfigurationPlatforms) = postSolution
		{64002615-BAA5-45BA-B1B9-063E7078A5B3}.Debug|Any CPU.ActiveCfg = Debug|Any CPU
		{64002615-BAA5-45BA-B1B9-063E7078A5B3}.Debug|Any CPU.Build.0 = Debug|Any CPU
		{64002615-BAA5-45BA-B1B9-063E7078A5B3}.Release|Any CPU.ActiveCfg = Release|Any CPU
		{64002615-BAA5-45BA-B1B9-063E7078A5B3}.Release|Any CPU.Build.0 = Release|Any CPU
	EndGlobalSection
	GlobalSection(SolutionProperties) = preSolution
		HideSolutionNode = FALSE
	EndGlobalSection
	GlobalSection(ExtensibilityGlobals) = postSolution
		SolutionGuid = {606A11C0-73CC-46A3-8C0A-AE10924BBAB2}
	EndGlobalSection
EndGlobal
