
Microsoft Visual Studio Solution File, Format Version 12.00
# Visual Studio Version 17
VisualStudioVersion = 17.5.33502.453
MinimumVisualStudioVersion = 10.0.40219.1
Project("{FAE04EC0-301F-11D3-BF4B-00C04F79EFBC}") = "TileMap", "TileMap\TileMap.csproj", "{1F4D15EB-D5D1-4C54-9543-5C8EED131E8E}"
EndProject
Global
	GlobalSection(SolutionConfigurationPlatforms) = preSolution
		Debug|Any CPU = Debug|Any CPU
		Release|Any CPU = Release|Any CPU
	EndGlobalSection
	GlobalSection(ProjectConfigurationPlatforms) = postSolution
		{1F4D15EB-D5D1-4C54-9543-5C8EED131E8E}.Debug|Any CPU.ActiveCfg = Debug|Any CPU
		{1F4D15EB-D5D1-4C54-9543-5C8EED131E8E}.Debug|Any CPU.Build.0 = Debug|Any CPU
		{1F4D15EB-D5D1-4C54-9543-5C8EED131E8E}.Release|Any CPU.ActiveCfg = Release|Any CPU
		{1F4D15EB-D5D1-4C54-9543-5C8EED131E8E}.Release|Any CPU.Build.0 = Release|Any CPU
	EndGlobalSection
	GlobalSection(SolutionProperties) = preSolution
		HideSolutionNode = FALSE
	EndGlobalSection
	GlobalSection(ExtensibilityGlobals) = postSolution
		SolutionGuid = {8FD0F0D3-69A3-4C92-BA3E-197F9F24B592}
	EndGlobalSection
EndGlobal
