
Microsoft Visual Studio Solution File, Format Version 12.00
# Visual Studio Version 17
VisualStudioVersion = 17.5.33502.453
MinimumVisualStudioVersion = 10.0.40219.1
Project("{FAE04EC0-301F-11D3-BF4B-00C04F79EFBC}") = "MonoGame windows 1", "MonoGame windows 1\MonoGame windows 1.csproj", "{0A9EEEB9-6120-4E4A-8467-B1AB16D83929}"
EndProject
Global
	GlobalSection(SolutionConfigurationPlatforms) = preSolution
		Debug|Any CPU = Debug|Any CPU
		Release|Any CPU = Release|Any CPU
	EndGlobalSection
	GlobalSection(ProjectConfigurationPlatforms) = postSolution
		{0A9EEEB9-6120-4E4A-8467-B1AB16D83929}.Debug|Any CPU.ActiveCfg = Debug|Any CPU
		{0A9EEEB9-6120-4E4A-8467-B1AB16D83929}.Debug|Any CPU.Build.0 = Debug|Any CPU
		{0A9EEEB9-6120-4E4A-8467-B1AB16D83929}.Release|Any CPU.ActiveCfg = Release|Any CPU
		{0A9EEEB9-6120-4E4A-8467-B1AB16D83929}.Release|Any CPU.Build.0 = Release|Any CPU
	EndGlobalSection
	GlobalSection(SolutionProperties) = preSolution
		HideSolutionNode = FALSE
	EndGlobalSection
	GlobalSection(ExtensibilityGlobals) = postSolution
		SolutionGuid = {917B56C6-3959-4E3E-BD0E-B79990858B60}
	EndGlobalSection
EndGlobal
